// !$*UTF8*$!
{
	archiveVersion = 1;
	classes = {
	};
	objectVersion = 55;
	objects = {

/* Begin PBXBuildFile section */
		9ADE0F26274CF23700A27A05 /* CarterApp.swift in Sources */ = {isa = PBXBuildFile; fileRef = 9ADE0F16274CF23600A27A05 /* CarterApp.swift */; };
		9ADE0F27274CF23700A27A05 /* CarterApp.swift in Sources */ = {isa = PBXBuildFile; fileRef = 9ADE0F16274CF23600A27A05 /* CarterApp.swift */; };
		9ADE0F28274CF23700A27A05 /* ContentView.swift in Sources */ = {isa = PBXBuildFile; fileRef = 9ADE0F17274CF23600A27A05 /* ContentView.swift */; };
		9ADE0F29274CF23700A27A05 /* ContentView.swift in Sources */ = {isa = PBXBuildFile; fileRef = 9ADE0F17274CF23600A27A05 /* ContentView.swift */; };
		9ADE0F2A274CF23700A27A05 /* Assets.xcassets in Resources */ = {isa = PBXBuildFile; fileRef = 9ADE0F18274CF23700A27A05 /* Assets.xcassets */; };
		9ADE0F2B274CF23700A27A05 /* Assets.xcassets in Resources */ = {isa = PBXBuildFile; fileRef = 9ADE0F18274CF23700A27A05 /* Assets.xcassets */; };
		9ADE0F3E274CF2CA00A27A05 /* Package.resolved in Resources */ = {isa = PBXBuildFile; fileRef = 9ADE0F34274CF2CA00A27A05 /* Package.resolved */; };
		9ADE0F3F274CF2CA00A27A05 /* Package.swift in Sources */ = {isa = PBXBuildFile; fileRef = 9ADE0F35274CF2CA00A27A05 /* Package.swift */; };
		9ADE0F40274CF2CA00A27A05 /* README.md in Resources */ = {isa = PBXBuildFile; fileRef = 9ADE0F36274CF2CA00A27A05 /* README.md */; };
		9ADE0F41274CF2CA00A27A05 /* CarterTests.swift in Sources */ = {isa = PBXBuildFile; fileRef = 9ADE0F39274CF2CA00A27A05 /* CarterTests.swift */; };
		9ADE0F42274CF2CA00A27A05 /* LICENSE in Resources */ = {isa = PBXBuildFile; fileRef = 9ADE0F3A274CF2CA00A27A05 /* LICENSE */; };
		9ADE0F43274CF2CA00A27A05 /* Carter.swift in Sources */ = {isa = PBXBuildFile; fileRef = 9ADE0F3D274CF2CA00A27A05 /* Carter.swift */; };
/* End PBXBuildFile section */

/* Begin PBXFileReference section */
		9ADE0F16274CF23600A27A05 /* CarterApp.swift */ = {isa = PBXFileReference; lastKnownFileType = sourcecode.swift; path = CarterApp.swift; sourceTree = "<group>"; };
		9ADE0F17274CF23600A27A05 /* ContentView.swift */ = {isa = PBXFileReference; lastKnownFileType = sourcecode.swift; path = ContentView.swift; sourceTree = "<group>"; };
		9ADE0F18274CF23700A27A05 /* Assets.xcassets */ = {isa = PBXFileReference; lastKnownFileType = folder.assetcatalog; path = Assets.xcassets; sourceTree = "<group>"; };
		9ADE0F1D274CF23700A27A05 /* Carter.app */ = {isa = PBXFileReference; explicitFileType = wrapper.application; includeInIndex = 0; path = Carter.app; sourceTree = BUILT_PRODUCTS_DIR; };
		9ADE0F23274CF23700A27A05 /* Carter.app */ = {isa = PBXFileReference; explicitFileType = wrapper.application; includeInIndex = 0; path = Carter.app; sourceTree = BUILT_PRODUCTS_DIR; };
		9ADE0F25274CF23700A27A05 /* macOS.entitlements */ = {isa = PBXFileReference; lastKnownFileType = text.plist.entitlements; path = macOS.entitlements; sourceTree = "<group>"; };
		9ADE0F34274CF2CA00A27A05 /* Package.resolved */ = {isa = PBXFileReference; fileEncoding = 4; lastKnownFileType = text; path = Package.resolved; sourceTree = "<group>"; };
		9ADE0F35274CF2CA00A27A05 /* Package.swift */ = {isa = PBXFileReference; fileEncoding = 4; lastKnownFileType = sourcecode.swift; path = Package.swift; sourceTree = "<group>"; };
		9ADE0F36274CF2CA00A27A05 /* README.md */ = {isa = PBXFileReference; fileEncoding = 4; lastKnownFileType = net.daringfireball.markdown; path = README.md; sourceTree = "<group>"; };
		9ADE0F39274CF2CA00A27A05 /* CarterTests.swift */ = {isa = PBXFileReference; fileEncoding = 4; lastKnownFileType = sourcecode.swift; path = CarterTests.swift; sourceTree = "<group>"; };
		9ADE0F3A274CF2CA00A27A05 /* LICENSE */ = {isa = PBXFileReference; fileEncoding = 4; lastKnownFileType = text; path = LICENSE; sourceTree = "<group>"; };
		9ADE0F3D274CF2CA00A27A05 /* Carter.swift */ = {isa = PBXFileReference; fileEncoding = 4; lastKnownFileType = sourcecode.swift; path = Carter.swift; sourceTree = "<group>"; };
/* End PBXFileReference section */

/* Begin PBXFrameworksBuildPhase section */
		9ADE0F1A274CF23700A27A05 /* Frameworks */ = {
			isa = PBXFrameworksBuildPhase;
			buildActionMask = 2147483647;
			files = (
			);
			runOnlyForDeploymentPostprocessing = 0;
		};
		9ADE0F20274CF23700A27A05 /* Frameworks */ = {
			isa = PBXFrameworksBuildPhase;
			buildActionMask = 2147483647;
			files = (
			);
			runOnlyForDeploymentPostprocessing = 0;
		};
/* End PBXFrameworksBuildPhase section */

/* Begin PBXGroup section */
		9ADE0F10274CF23600A27A05 = {
			isa = PBXGroup;
			children = (
				9ADE0F3A274CF2CA00A27A05 /* LICENSE */,
				9ADE0F34274CF2CA00A27A05 /* Package.resolved */,
				9ADE0F35274CF2CA00A27A05 /* Package.swift */,
				9ADE0F36274CF2CA00A27A05 /* README.md */,
				9ADE0F3B274CF2CA00A27A05 /* Sources */,
				9ADE0F37274CF2CA00A27A05 /* Tests */,
				9ADE0F15274CF23600A27A05 /* Shared */,
				9ADE0F24274CF23700A27A05 /* macOS */,
				9ADE0F1E274CF23700A27A05 /* Products */,
			);
			sourceTree = "<group>";
		};
		9ADE0F15274CF23600A27A05 /* Shared */ = {
			isa = PBXGroup;
			children = (
				9ADE0F16274CF23600A27A05 /* CarterApp.swift */,
				9ADE0F17274CF23600A27A05 /* ContentView.swift */,
				9ADE0F18274CF23700A27A05 /* Assets.xcassets */,
			);
			path = Shared;
			sourceTree = "<group>";
		};
		9ADE0F1E274CF23700A27A05 /* Products */ = {
			isa = PBXGroup;
			children = (
				9ADE0F1D274CF23700A27A05 /* Carter.app */,
				9ADE0F23274CF23700A27A05 /* Carter.app */,
			);
			name = Products;
			sourceTree = "<group>";
		};
		9ADE0F24274CF23700A27A05 /* macOS */ = {
			isa = PBXGroup;
			children = (
				9ADE0F25274CF23700A27A05 /* macOS.entitlements */,
			);
			path = macOS;
			sourceTree = "<group>";
		};
		9ADE0F37274CF2CA00A27A05 /* Tests */ = {
			isa = PBXGroup;
			children = (
				9ADE0F38274CF2CA00A27A05 /* CarterTests */,
			);
			path = Tests;
			sourceTree = "<group>";
		};
		9ADE0F38274CF2CA00A27A05 /* CarterTests */ = {
			isa = PBXGroup;
			children = (
				9ADE0F39274CF2CA00A27A05 /* CarterTests.swift */,
			);
			path = CarterTests;
			sourceTree = "<group>";
		};
		9ADE0F3B274CF2CA00A27A05 /* Sources */ = {
			isa = PBXGroup;
			children = (
				9ADE0F3C274CF2CA00A27A05 /* Carter */,
			);
			path = Sources;
			sourceTree = "<group>";
		};
		9ADE0F3C274CF2CA00A27A05 /* Carter */ = {
			isa = PBXGroup;
			children = (
				9ADE0F3D274CF2CA00A27A05 /* Carter.swift */,
			);
			path = Carter;
			sourceTree = "<group>";
		};
/* End PBXGroup section */

/* Begin PBXNativeTarget section */
		9ADE0F1C274CF23700A27A05 /* Carter (iOS) */ = {
			isa = PBXNativeTarget;
			buildConfigurationList = 9ADE0F2E274CF23700A27A05 /* Build configuration list for PBXNativeTarget "Carter (iOS)" */;
			buildPhases = (
				9ADE0F19274CF23700A27A05 /* Sources */,
				9ADE0F1A274CF23700A27A05 /* Frameworks */,
				9ADE0F1B274CF23700A27A05 /* Resources */,
			);
			buildRules = (
			);
			dependencies = (
			);
			name = "Carter (iOS)";
			productName = "Carter (iOS)";
			productReference = 9ADE0F1D274CF23700A27A05 /* Carter.app */;
			productType = "com.apple.product-type.application";
		};
		9ADE0F22274CF23700A27A05 /* Carter (macOS) */ = {
			isa = PBXNativeTarget;
			buildConfigurationList = 9ADE0F31274CF23700A27A05 /* Build configuration list for PBXNativeTarget "Carter (macOS)" */;
			buildPhases = (
				9ADE0F1F274CF23700A27A05 /* Sources */,
				9ADE0F20274CF23700A27A05 /* Frameworks */,
				9ADE0F21274CF23700A27A05 /* Resources */,
			);
			buildRules = (
			);
			dependencies = (
			);
			name = "Carter (macOS)";
			productName = "Carter (macOS)";
			productReference = 9ADE0F23274CF23700A27A05 /* Carter.app */;
			productType = "com.apple.product-type.application";
		};
/* End PBXNativeTarget section */

/* Begin PBXProject section */
		9ADE0F11274CF23600A27A05 /* Project object */ = {
			isa = PBXProject;
			attributes = {
				BuildIndependentTargetsInParallel = 1;
				LastSwiftUpdateCheck = 1310;
				LastUpgradeCheck = 1310;
				TargetAttributes = {
					9ADE0F1C274CF23700A27A05 = {
						CreatedOnToolsVersion = 13.1;
					};
					9ADE0F22274CF23700A27A05 = {
						CreatedOnToolsVersion = 13.1;
					};
				};
			};
			buildConfigurationList = 9ADE0F14274CF23600A27A05 /* Build configuration list for PBXProject "Carter" */;
			compatibilityVersion = "Xcode 13.0";
			developmentRegion = en;
			hasScannedForEncodings = 0;
			knownRegions = (
				en,
				Base,
			);
			mainGroup = 9ADE0F10274CF23600A27A05;
			productRefGroup = 9ADE0F1E274CF23700A27A05 /* Products */;
			projectDirPath = "";
			projectRoot = "";
			targets = (
				9ADE0F1C274CF23700A27A05 /* Carter (iOS) */,
				9ADE0F22274CF23700A27A05 /* Carter (macOS) */,
			);
		};
/* End PBXProject section */

/* Begin PBXResourcesBuildPhase section */
		9ADE0F1B274CF23700A27A05 /* Resources */ = {
			isa = PBXResourcesBuildPhase;
			buildActionMask = 2147483647;
			files = (
				9ADE0F40274CF2CA00A27A05 /* README.md in Resources */,
				9ADE0F3E274CF2CA00A27A05 /* Package.resolved in Resources */,
				9ADE0F42274CF2CA00A27A05 /* LICENSE in Resources */,
				9ADE0F2A274CF23700A27A05 /* Assets.xcassets in Resources */,
			);
			runOnlyForDeploymentPostprocessing = 0;
		};
		9ADE0F21274CF23700A27A05 /* Resources */ = {
			isa = PBXResourcesBuildPhase;
			buildActionMask = 2147483647;
			files = (
				9ADE0F2B274CF23700A27A05 /* Assets.xcassets in Resources */,
			);
			runOnlyForDeploymentPostprocessing = 0;
		};
/* End PBXResourcesBuildPhase section */

/* Begin PBXSourcesBuildPhase section */
		9ADE0F19274CF23700A27A05 /* Sources */ = {
			isa = PBXSourcesBuildPhase;
			buildActionMask = 2147483647;
			files = (
				9ADE0F41274CF2CA00A27A05 /* CarterTests.swift in Sources */,
				9ADE0F3F274CF2CA00A27A05 /* Package.swift in Sources */,
				9ADE0F28274CF23700A27A05 /* ContentView.swift in Sources */,
				9ADE0F26274CF23700A27A05 /* CarterApp.swift in Sources */,
				9ADE0F43274CF2CA00A27A05 /* Carter.swift in Sources */,
			);
			runOnlyForDeploymentPostprocessing = 0;
		};
		9ADE0F1F274CF23700A27A05 /* Sources */ = {
			isa = PBXSourcesBuildPhase;
			buildActionMask = 2147483647;
			files = (
				9ADE0F29274CF23700A27A05 /* ContentView.swift in Sources */,
				9ADE0F27274CF23700A27A05 /* CarterApp.swift in Sources */,
			);
			runOnlyForDeploymentPostprocessing = 0;
		};
/* End PBXSourcesBuildPhase section */

/* Begin XCBuildConfiguration section */
		9ADE0F2C274CF23700A27A05 /* Debug */ = {
			isa = XCBuildConfiguration;
			buildSettings = {
				ALWAYS_SEARCH_USER_PATHS = NO;
				CLANG_ANALYZER_NONNULL = YES;
				CLANG_ANALYZER_NUMBER_OBJECT_CONVERSION = YES_AGGRESSIVE;
				CLANG_CXX_LANGUAGE_STANDARD = "gnu++17";
				CLANG_CXX_LIBRARY = "libc++";
				CLANG_ENABLE_MODULES = YES;
				CLANG_ENABLE_OBJC_ARC = YES;
				CLANG_ENABLE_OBJC_WEAK = YES;
				CLANG_WARN_BLOCK_CAPTURE_AUTORELEASING = YES;
				CLANG_WARN_BOOL_CONVERSION = YES;
				CLANG_WARN_COMMA = YES;
				CLANG_WARN_CONSTANT_CONVERSION = YES;
				CLANG_WARN_DEPRECATED_OBJC_IMPLEMENTATIONS = YES;
				CLANG_WARN_DIRECT_OBJC_ISA_USAGE = YES_ERROR;
				CLANG_WARN_DOCUMENTATION_COMMENTS = YES;
				CLANG_WARN_EMPTY_BODY = YES;
				CLANG_WARN_ENUM_CONVERSION = YES;
				CLANG_WARN_INFINITE_RECURSION = YES;
				CLANG_WARN_INT_CONVERSION = YES;
				CLANG_WARN_NON_LITERAL_NULL_CONVERSION = YES;
				CLANG_WARN_OBJC_IMPLICIT_RETAIN_SELF = YES;
				CLANG_WARN_OBJC_LITERAL_CONVERSION = YES;
				CLANG_WARN_OBJC_ROOT_CLASS = YES_ERROR;
				CLANG_WARN_QUOTED_INCLUDE_IN_FRAMEWORK_HEADER = YES;
				CLANG_WARN_RANGE_LOOP_ANALYSIS = YES;
				CLANG_WARN_STRICT_PROTOTYPES = YES;
				CLANG_WARN_SUSPICIOUS_MOVE = YES;
				CLANG_WARN_UNGUARDED_AVAILABILITY = YES_AGGRESSIVE;
				CLANG_WARN_UNREACHABLE_CODE = YES;
				CLANG_WARN__DUPLICATE_METHOD_MATCH = YES;
				COPY_PHASE_STRIP = NO;
				DEBUG_INFORMATION_FORMAT = dwarf;
				ENABLE_STRICT_OBJC_MSGSEND = YES;
				ENABLE_TESTABILITY = YES;
				GCC_C_LANGUAGE_STANDARD = gnu11;
				GCC_DYNAMIC_NO_PIC = NO;
				GCC_NO_COMMON_BLOCKS = YES;
				GCC_OPTIMIZATION_LEVEL = 0;
				GCC_PREPROCESSOR_DEFINITIONS = (
					"DEBUG=1",
					"$(inherited)",
				);
				GCC_WARN_64_TO_32_BIT_CONVERSION = YES;
				GCC_WARN_ABOUT_RETURN_TYPE = YES_ERROR;
				GCC_WARN_UNDECLARED_SELECTOR = YES;
				GCC_WARN_UNINITIALIZED_AUTOS = YES_AGGRESSIVE;
				GCC_WARN_UNUSED_FUNCTION = YES;
				GCC_WARN_UNUSED_VARIABLE = YES;
				MTL_ENABLE_DEBUG_INFO = INCLUDE_SOURCE;
				MTL_FAST_MATH = YES;
				ONLY_ACTIVE_ARCH = YES;
				SWIFT_ACTIVE_COMPILATION_CONDITIONS = DEBUG;
				SWIFT_OPTIMIZATION_LEVEL = "-Onone";
			};
			name = Debug;
		};
		9ADE0F2D274CF23700A27A05 /* Release */ = {
			isa = XCBuildConfiguration;
			buildSettings = {
				ALWAYS_SEARCH_USER_PATHS = NO;
				CLANG_ANALYZER_NONNULL = YES;
				CLANG_ANALYZER_NUMBER_OBJECT_CONVERSION = YES_AGGRESSIVE;
				CLANG_CXX_LANGUAGE_STANDARD = "gnu++17";
				CLANG_CXX_LIBRARY = "libc++";
				CLANG_ENABLE_MODULES = YES;
				CLANG_ENABLE_OBJC_ARC = YES;
				CLANG_ENABLE_OBJC_WEAK = YES;
				CLANG_WARN_BLOCK_CAPTURE_AUTORELEASING = YES;
				CLANG_WARN_BOOL_CONVERSION = YES;
				CLANG_WARN_COMMA = YES;
				CLANG_WARN_CONSTANT_CONVERSION = YES;
				CLANG_WARN_DEPRECATED_OBJC_IMPLEMENTATIONS = YES;
				CLANG_WARN_DIRECT_OBJC_ISA_USAGE = YES_ERROR;
				CLANG_WARN_DOCUMENTATION_COMMENTS = YES;
				CLANG_WARN_EMPTY_BODY = YES;
				CLANG_WARN_ENUM_CONVERSION = YES;
				CLANG_WARN_INFINITE_RECURSION = YES;
				CLANG_WARN_INT_CONVERSION = YES;
				CLANG_WARN_NON_LITERAL_NULL_CONVERSION = YES;
				CLANG_WARN_OBJC_IMPLICIT_RETAIN_SELF = YES;
				CLANG_WARN_OBJC_LITERAL_CONVERSION = YES;
				CLANG_WARN_OBJC_ROOT_CLASS = YES_ERROR;
				CLANG_WARN_QUOTED_INCLUDE_IN_FRAMEWORK_HEADER = YES;
				CLANG_WARN_RANGE_LOOP_ANALYSIS = YES;
				CLANG_WARN_STRICT_PROTOTYPES = YES;
				CLANG_WARN_SUSPICIOUS_MOVE = YES;
				CLANG_WARN_UNGUARDED_AVAILABILITY = YES_AGGRESSIVE;
				CLANG_WARN_UNREACHABLE_CODE = YES;
				CLANG_WARN__DUPLICATE_METHOD_MATCH = YES;
				COPY_PHASE_STRIP = NO;
				DEBUG_INFORMATION_FORMAT = "dwarf-with-dsym";
				ENABLE_NS_ASSERTIONS = NO;
				ENABLE_STRICT_OBJC_MSGSEND = YES;
				GCC_C_LANGUAGE_STANDARD = gnu11;
				GCC_NO_COMMON_BLOCKS = YES;
				GCC_WARN_64_TO_32_BIT_CONVERSION = YES;
				GCC_WARN_ABOUT_RETURN_TYPE = YES_ERROR;
				GCC_WARN_UNDECLARED_SELECTOR = YES;
				GCC_WARN_UNINITIALIZED_AUTOS = YES_AGGRESSIVE;
				GCC_WARN_UNUSED_FUNCTION = YES;
				GCC_WARN_UNUSED_VARIABLE = YES;
				MTL_ENABLE_DEBUG_INFO = NO;
				MTL_FAST_MATH = YES;
				SWIFT_COMPILATION_MODE = wholemodule;
				SWIFT_OPTIMIZATION_LEVEL = "-O";
			};
			name = Release;
		};
		9ADE0F2F274CF23700A27A05 /* Debug */ = {
			isa = XCBuildConfiguration;
			buildSettings = {
				ASSETCATALOG_COMPILER_APPICON_NAME = AppIcon;
				ASSETCATALOG_COMPILER_GLOBAL_ACCENT_COLOR_NAME = AccentColor;
				CODE_SIGN_STYLE = Automatic;
				CURRENT_PROJECT_VERSION = 1;
				DEVELOPMENT_TEAM = 9YY268Q7Z2;
				ENABLE_PREVIEWS = YES;
				GENERATE_INFOPLIST_FILE = YES;
				INFOPLIST_KEY_UIApplicationSceneManifest_Generation = YES;
				INFOPLIST_KEY_UIApplicationSupportsIndirectInputEvents = YES;
				INFOPLIST_KEY_UILaunchScreen_Generation = YES;
				INFOPLIST_KEY_UISupportedInterfaceOrientations_iPad = "UIInterfaceOrientationPortrait UIInterfaceOrientationPortraitUpsideDown UIInterfaceOrientationLandscapeLeft UIInterfaceOrientationLandscapeRight";
				INFOPLIST_KEY_UISupportedInterfaceOrientations_iPhone = "UIInterfaceOrientationPortrait UIInterfaceOrientationLandscapeLeft UIInterfaceOrientationLandscapeRight";
				IPHONEOS_DEPLOYMENT_TARGET = 15.0;
				LD_RUNPATH_SEARCH_PATHS = (
					"$(inherited)",
					"@executable_path/Frameworks",
				);
				MARKETING_VERSION = 1.0;
				PRODUCT_BUNDLE_IDENTIFIER = ph.jay.Carter;
				PRODUCT_NAME = Carter;
				SDKROOT = iphoneos;
				SWIFT_EMIT_LOC_STRINGS = YES;
				SWIFT_VERSION = 5.0;
				TARGETED_DEVICE_FAMILY = "1,2";
			};
			name = Debug;
		};
		9ADE0F30274CF23700A27A05 /* Release */ = {
			isa = XCBuildConfiguration;
			buildSettings = {
				ASSETCATALOG_COMPILER_APPICON_NAME = AppIcon;
				ASSETCATALOG_COMPILER_GLOBAL_ACCENT_COLOR_NAME = AccentColor;
				CODE_SIGN_STYLE = Automatic;
				CURRENT_PROJECT_VERSION = 1;
				DEVELOPMENT_TEAM = 9YY268Q7Z2;
				ENABLE_PREVIEWS = YES;
				GENERATE_INFOPLIST_FILE = YES;
				INFOPLIST_KEY_UIApplicationSceneManifest_Generation = YES;
				INFOPLIST_KEY_UIApplicationSupportsIndirectInputEvents = YES;
				INFOPLIST_KEY_UILaunchScreen_Generation = YES;
				INFOPLIST_KEY_UISupportedInterfaceOrientations_iPad = "UIInterfaceOrientationPortrait UIInterfaceOrientationPortraitUpsideDown UIInterfaceOrientationLandscapeLeft UIInterfaceOrientationLandscapeRight";
				INFOPLIST_KEY_UISupportedInterfaceOrientations_iPhone = "UIInterfaceOrientationPortrait UIInterfaceOrientationLandscapeLeft UIInterfaceOrientationLandscapeRight";
				IPHONEOS_DEPLOYMENT_TARGET = 15.0;
				LD_RUNPATH_SEARCH_PATHS = (
					"$(inherited)",
					"@executable_path/Frameworks",
				);
				MARKETING_VERSION = 1.0;
				PRODUCT_BUNDLE_IDENTIFIER = ph.jay.Carter;
				PRODUCT_NAME = Carter;
				SDKROOT = iphoneos;
				SWIFT_EMIT_LOC_STRINGS = YES;
				SWIFT_VERSION = 5.0;
				TARGETED_DEVICE_FAMILY = "1,2";
				VALIDATE_PRODUCT = YES;
			};
			name = Release;
		};
		9ADE0F32274CF23700A27A05 /* Debug */ = {
			isa = XCBuildConfiguration;
			buildSettings = {
				ASSETCATALOG_COMPILER_APPICON_NAME = AppIcon;
				ASSETCATALOG_COMPILER_GLOBAL_ACCENT_COLOR_NAME = AccentColor;
				CODE_SIGN_ENTITLEMENTS = macOS/macOS.entitlements;
				CODE_SIGN_STYLE = Automatic;
				COMBINE_HIDPI_IMAGES = YES;
				CURRENT_PROJECT_VERSION = 1;
				DEVELOPMENT_TEAM = 9YY268Q7Z2;
				ENABLE_HARDENED_RUNTIME = YES;
				ENABLE_PREVIEWS = YES;
				GENERATE_INFOPLIST_FILE = YES;
				INFOPLIST_KEY_NSHumanReadableCopyright = "";
				LD_RUNPATH_SEARCH_PATHS = (
					"$(inherited)",
					"@executable_path/../Frameworks",
				);
				MACOSX_DEPLOYMENT_TARGET = 12.0;
				MARKETING_VERSION = 1.0;
				PRODUCT_BUNDLE_IDENTIFIER = ph.jay.Carter;
				PRODUCT_NAME = Carter;
				SDKROOT = macosx;
				SWIFT_EMIT_LOC_STRINGS = YES;
				SWIFT_VERSION = 5.0;
			};
			name = Debug;
		};
		9ADE0F33274CF23700A27A05 /* Release */ = {
			isa = XCBuildConfiguration;
			buildSettings = {
				ASSETCATALOG_COMPILER_APPICON_NAME = AppIcon;
				ASSETCATALOG_COMPILER_GLOBAL_ACCENT_COLOR_NAME = AccentColor;
				CODE_SIGN_ENTITLEMENTS = macOS/macOS.entitlements;
				CODE_SIGN_STYLE = Automatic;
				COMBINE_HIDPI_IMAGES = YES;
				CURRENT_PROJECT_VERSION = 1;
				DEVELOPMENT_TEAM = 9YY268Q7Z2;
				ENABLE_HARDENED_RUNTIME = YES;
				ENABLE_PREVIEWS = YES;
				GENERATE_INFOPLIST_FILE = YES;
				INFOPLIST_KEY_NSHumanReadableCopyright = "";
				LD_RUNPATH_SEARCH_PATHS = (
					"$(inherited)",
					"@executable_path/../Frameworks",
				);
				MACOSX_DEPLOYMENT_TARGET = 12.0;
				MARKETING_VERSION = 1.0;
				PRODUCT_BUNDLE_IDENTIFIER = ph.jay.Carter;
				PRODUCT_NAME = Carter;
				SDKROOT = macosx;
				SWIFT_EMIT_LOC_STRINGS = YES;
				SWIFT_VERSION = 5.0;
			};
			name = Release;
		};
/* End XCBuildConfiguration section */

/* Begin XCConfigurationList section */
		9ADE0F14274CF23600A27A05 /* Build configuration list for PBXProject "Carter" */ = {
			isa = XCConfigurationList;
			buildConfigurations = (
				9ADE0F2C274CF23700A27A05 /* Debug */,
				9ADE0F2D274CF23700A27A05 /* Release */,
			);
			defaultConfigurationIsVisible = 0;
			defaultConfigurationName = Release;
		};
		9ADE0F2E274CF23700A27A05 /* Build configuration list for PBXNativeTarget "Carter (iOS)" */ = {
			isa = XCConfigurationList;
			buildConfigurations = (
				9ADE0F2F274CF23700A27A05 /* Debug */,
				9ADE0F30274CF23700A27A05 /* Release */,
			);
			defaultConfigurationIsVisible = 0;
			defaultConfigurationName = Release;
		};
		9ADE0F31274CF23700A27A05 /* Build configuration list for PBXNativeTarget "Carter (macOS)" */ = {
			isa = XCConfigurationList;
			buildConfigurations = (
				9ADE0F32274CF23700A27A05 /* Debug */,
				9ADE0F33274CF23700A27A05 /* Release */,
			);
			defaultConfigurationIsVisible = 0;
			defaultConfigurationName = Release;
		};
/* End XCConfigurationList section */
	};
	rootObject = 9ADE0F11274CF23600A27A05 /* Project object */;
}
